
Microsoft Visual Studio Solution File, Format Version 12.00
# Visual Studio Version 16
VisualStudioVersion = 16.0.29001.49
MinimumVisualStudioVersion = 10.0.40219.1
Project("{9A19103F-16F7-4668-BE54-9A1E7A4F7556}") = "ASPDotNetCoreTodo", "ASPDotNetCoreTodo.csproj", "{79D118C4-3FB1-4BF4-8FED-2540347A94E7}"
EndProject
Project("{9A19103F-16F7-4668-BE54-9A1E7A4F7556}") = "ASPDotNetCoreTodo.UnitTests", "..\ASPDotNetCoreTodo.UnitTests\ASPDotNetCoreTodo.UnitTests.csproj", "{FFD6C446-E17A-405D-8049-B19A19C940B7}"
EndProject
Project("{9A19103F-16F7-4668-BE54-9A1E7A4F7556}") = "AspDotNetCoreTodo.IntegrationTests", "..\AspDotNetCoreTodo.IntegrationTests\AspDotNetCoreTodo.IntegrationTests.csproj", "{FD78010B-1EB8-4BF9-9C89-65BDF56F8EB9}"
EndProject
Global
	GlobalSection(SolutionConfigurationPlatforms) = preSolution
		Debug|Any CPU = Debug|Any CPU
		Release|Any CPU = Release|Any CPU
	EndGlobalSection
	GlobalSection(ProjectConfigurationPlatforms) = postSolution
		{79D118C4-3FB1-4BF4-8FED-2540347A94E7}.Debug|Any CPU.ActiveCfg = Debug|Any CPU
		{79D118C4-3FB1-4BF4-8FED-2540347A94E7}.Debug|Any CPU.Build.0 = Debug|Any CPU
		{79D118C4-3FB1-4BF4-8FED-2540347A94E7}.Release|Any CPU.ActiveCfg = Release|Any CPU
		{79D118C4-3FB1-4BF4-8FED-2540347A94E7}.Release|Any CPU.Build.0 = Release|Any CPU
		{FFD6C446-E17A-405D-8049-B19A19C940B7}.Debug|Any CPU.ActiveCfg = Debug|Any CPU
		{FFD6C446-E17A-405D-8049-B19A19C940B7}.Debug|Any CPU.Build.0 = Debug|Any CPU
		{FFD6C446-E17A-405D-8049-B19A19C940B7}.Release|Any CPU.ActiveCfg = Release|Any CPU
		{FFD6C446-E17A-405D-8049-B19A19C940B7}.Release|Any CPU.Build.0 = Release|Any CPU
		{FD78010B-1EB8-4BF9-9C89-65BDF56F8EB9}.Debug|Any CPU.ActiveCfg = Debug|Any CPU
		{FD78010B-1EB8-4BF9-9C89-65BDF56F8EB9}.Debug|Any CPU.Build.0 = Debug|Any CPU
		{FD78010B-1EB8-4BF9-9C89-65BDF56F8EB9}.Release|Any CPU.ActiveCfg = Release|Any CPU
		{FD78010B-1EB8-4BF9-9C89-65BDF56F8EB9}.Release|Any CPU.Build.0 = Release|Any CPU
	EndGlobalSection
	GlobalSection(SolutionProperties) = preSolution
		HideSolutionNode = FALSE
	EndGlobalSection
	GlobalSection(ExtensibilityGlobals) = postSolution
		SolutionGuid = {15733C07-9368-4011-9AF1-DF65EA7F1835}
	EndGlobalSection
EndGlobal
