
Microsoft Visual Studio Solution File, Format Version 12.00
# Visual Studio Version 16
VisualStudioVersion = 16.0.29009.5
MinimumVisualStudioVersion = 10.0.40219.1
Project("{9A19103F-16F7-4668-BE54-9A1E7A4F7556}") = "AspDotNetCoreTodo.IntegrationTests", "AspDotNetCoreTodo.IntegrationTests.csproj", "{62158F38-C638-4B5E-A965-640299F6DCD8}"
EndProject
Global
	GlobalSection(SolutionConfigurationPlatforms) = preSolution
		Debug|Any CPU = Debug|Any CPU
		Release|Any CPU = Release|Any CPU
	EndGlobalSection
	GlobalSection(ProjectConfigurationPlatforms) = postSolution
		{62158F38-C638-4B5E-A965-640299F6DCD8}.Debug|Any CPU.ActiveCfg = Debug|Any CPU
		{62158F38-C638-4B5E-A965-640299F6DCD8}.Debug|Any CPU.Build.0 = Debug|Any CPU
		{62158F38-C638-4B5E-A965-640299F6DCD8}.Release|Any CPU.ActiveCfg = Release|Any CPU
		{62158F38-C638-4B5E-A965-640299F6DCD8}.Release|Any CPU.Build.0 = Release|Any CPU
	EndGlobalSection
	GlobalSection(SolutionProperties) = preSolution
		HideSolutionNode = FALSE
	EndGlobalSection
	GlobalSection(ExtensibilityGlobals) = postSolution
		SolutionGuid = {3DE87725-052E-4902-8BD2-D105FC84B695}
	EndGlobalSection
EndGlobal
